# This file is automatically @generated by Cargo.
# It is not intended for manual editing.
version = 4

[[package]]
name = "pdf-editor-cache"
version = "0.1.0"

[[package]]
name = "pdf-editor-core"
version = "0.1.0"

[[package]]
name = "pdf-editor-render"
version = "0.1.0"

[[package]]
name = "pdf-editor-scheduler"
version = "0.1.0"

[[package]]
name = "pdf-editor-ui"
version = "0.1.0"
